
Microsoft Visual Studio Solution File, Format Version 12.00
# Visual Studio Version 17
VisualStudioVersion = 17.4.33205.214
MinimumVisualStudioVersion = 10.0.40219.1
Project("{FAE04EC0-301F-11D3-BF4B-00C04F79EFBC}") = "Cleaningg", "Cleaningg\Cleaningg.csproj", "{FE9DFC31-92D3-481A-8511-9CF4B461424E}"
EndProject
Global
	GlobalSection(SolutionConfigurationPlatforms) = preSolution
		Debug|Any CPU = Debug|Any CPU
		Release|Any CPU = Release|Any CPU
	EndGlobalSection
	GlobalSection(ProjectConfigurationPlatforms) = postSolution
		{FE9DFC31-92D3-481A-8511-9CF4B461424E}.Debug|Any CPU.ActiveCfg = Debug|Any CPU
		{FE9DFC31-92D3-481A-8511-9CF4B461424E}.Debug|Any CPU.Build.0 = Debug|Any CPU
		{FE9DFC31-92D3-481A-8511-9CF4B461424E}.Release|Any CPU.ActiveCfg = Release|Any CPU
		{FE9DFC31-92D3-481A-8511-9CF4B461424E}.Release|Any CPU.Build.0 = Release|Any CPU
	EndGlobalSection
	GlobalSection(SolutionProperties) = preSolution
		HideSolutionNode = FALSE
	EndGlobalSection
	GlobalSection(ExtensibilityGlobals) = postSolution
		SolutionGuid = {D2C0FF66-3F78-419C-83A8-2A5A39C516D4}
	EndGlobalSection
EndGlobal
